# @generated by Move, please check-in and do not edit manually.

[move]
version = 3
manifest_digest = "529D34012317E225DD1A5748E3D7AEC16DD41D47D955E82EA629188A589AFD97"
deps_digest = "397E6A9F7A624706DBDFEE056CE88391A15876868FD18A88504DA74EB458D697"
dependencies = [
  { id = "Sui", name = "Sui" },
  { id = "deepbook_lp_accounting", name = "deepbook_lp_accounting" },
  { id = "deepbook_lp_risk_controls", name = "deepbook_lp_risk_controls" },
  { id = "deepbook_lp_strategies", name = "deepbook_lp_strategies" },
  { id = "deepbook_lp_vaults", name = "deepbook_lp_vaults" },
]

[[move.package]]
id = "MoveStdlib"
source = { git = "https://github.com/MystenLabs/sui.git", rev = "devnet", subdir = "crates/sui-framework/packages/move-stdlib" }

[[move.package]]
id = "Sui"
source = { git = "https://github.com/MystenLabs/sui.git", rev = "devnet", subdir = "crates/sui-framework/packages/sui-framework" }

dependencies = [
  { id = "MoveStdlib", name = "MoveStdlib" },
]

[[move.package]]
id = "deepbook_lp_accounting"
source = { local = "../deepbook_lp_accounting" }

dependencies = [
  { id = "Sui", name = "Sui" },
]

[[move.package]]
id = "deepbook_lp_risk_controls"
source = { local = "../deepbook_lp_risk_controls" }

dependencies = [
  { id = "Sui", name = "Sui" },
]

[[move.package]]
id = "deepbook_lp_strategies"
source = { local = "../deepbook_lp_strategies" }

dependencies = [
  { id = "Sui", name = "Sui" },
  { id = "deepbook_lp_vaults", name = "deepbook_lp_vaults" },
]

[[move.package]]
id = "deepbook_lp_vaults"
source = { local = "../deepbook_lp_vaults" }

dependencies = [
  { id = "Sui", name = "Sui" },
]

[move.toolchain-version]
compiler-version = "1.56.0"
edition = "2024"
flavor = "sui"

[env]

[env.sui-devnet]
chain-id = "d4b07478"
original-published-id = "0x224aa703762931274f4d8896198b02a7b4ab218b6d8f5d62949855da892bda57"
latest-published-id = "0x224aa703762931274f4d8896198b02a7b4ab218b6d8f5d62949855da892bda57"
published-version = "1"
