# @generated by Move, please check-in and do not edit manually.

[move]
version = 3
manifest_digest = "BAC316A6C24B23CFE32FB12776B4223945C8C8D4249A5A74E6A351F0865D2FD7"
deps_digest = "F8BBB0CCB2491CA29A3DF03D6F92277A4F3574266507ACD77214D37ECA3F3082"
dependencies = [
  { id = "Sui", name = "Sui" },
]

[[move.package]]
id = "MoveStdlib"
source = { git = "https://github.com/MystenLabs/sui.git", rev = "devnet", subdir = "crates/sui-framework/packages/move-stdlib" }

[[move.package]]
id = "Sui"
source = { git = "https://github.com/MystenLabs/sui.git", rev = "devnet", subdir = "crates/sui-framework/packages/sui-framework" }

dependencies = [
  { id = "MoveStdlib", name = "MoveStdlib" },
]

[move.toolchain-version]
compiler-version = "1.56.0"
edition = "2024"
flavor = "sui"

[env]

[env.sui-devnet]
chain-id = "d4b07478"
original-published-id = "0x63654d1eed0900ab5b31d73874997b04eaa990a3bd1a55ccf2038b7dc733ff3c"
latest-published-id = "0x63654d1eed0900ab5b31d73874997b04eaa990a3bd1a55ccf2038b7dc733ff3c"
published-version = "1"
