# @generated by Move, please check-in and do not edit manually.

[move]
version = 3
manifest_digest = "4F73B07AAEEB8CCCE6BD38F25D8315BFF6C17387FDF52778D71BA054BBDCC5E0"
deps_digest = "3C4103934B1E040BB6B23F1D610B4EF9F2F1166A50A104EADCF77467C004C600"
dependencies = [
  { id = "Sui", name = "Sui" },
  { id = "deepbook_lp_vaults", name = "deepbook_lp_vaults" },
]

[[move.package]]
id = "MoveStdlib"
source = { git = "https://github.com/MystenLabs/sui.git", rev = "devnet", subdir = "crates/sui-framework/packages/move-stdlib" }

[[move.package]]
id = "Sui"
source = { git = "https://github.com/MystenLabs/sui.git", rev = "devnet", subdir = "crates/sui-framework/packages/sui-framework" }

dependencies = [
  { id = "MoveStdlib", name = "MoveStdlib" },
]

[[move.package]]
id = "deepbook_lp_vaults"
source = { local = "../deepbook_lp_vaults" }

dependencies = [
  { id = "Sui", name = "Sui" },
]

[move.toolchain-version]
compiler-version = "1.56.0"
edition = "2024"
flavor = "sui"

[env]

[env.sui-devnet]
chain-id = "d4b07478"
original-published-id = "0x53846b242c33224c1833f16e4b0843a31ccf9983962896d507ae92bb3efc1ab0"
latest-published-id = "0x53846b242c33224c1833f16e4b0843a31ccf9983962896d507ae92bb3efc1ab0"
published-version = "1"
